
Microsoft Visual Studio Solution File, Format Version 12.00
Project("{FAE04EC0-301F-11D3-BF4B-00C04F79EFBC}") = "01Delegates", "01Delegates\01Delegates.csproj", "{11F1272E-5CFC-49A5-9AC9-C5D5BDD78FB4}"
EndProject
Project("{FAE04EC0-301F-11D3-BF4B-00C04F79EFBC}") = "02MulticastDelegate", "02MulticastDelegate\02MulticastDelegate.csproj", "{8F5627B0-5DA2-4820-94A1-770C86265DC4}"
EndProject
Project("{FAE04EC0-301F-11D3-BF4B-00C04F79EFBC}") = "03AnonymousMethod", "03AnonymousMethod\03AnonymousMethod.csproj", "{6E661305-4BEC-49E6-95F9-B139EA75F391}"
EndProject
Project("{FAE04EC0-301F-11D3-BF4B-00C04F79EFBC}") = "04LambdaExpression", "04LambdaExpression\04LambdaExpression.csproj", "{28643FA7-55E2-4D72-B4EB-D591072DF5C5}"
EndProject
Project("{FAE04EC0-301F-11D3-BF4B-00C04F79EFBC}") = "05DelegatePredicate", "05DelegatePredicate\05DelegatePredicate.csproj", "{B679B48E-792A-45E7-9FCA-932E1E44980F}"
EndProject
Project("{FAE04EC0-301F-11D3-BF4B-00C04F79EFBC}") = "06DelegateAction", "06DelegateAction\06DelegateAction.csproj", "{AAD8A752-B899-4561-B6D8-95BF79CD4AE7}"
EndProject
Global
	GlobalSection(SolutionConfigurationPlatforms) = preSolution
		Debug|Any CPU = Debug|Any CPU
		Release|Any CPU = Release|Any CPU
	EndGlobalSection
	GlobalSection(ProjectConfigurationPlatforms) = postSolution
		{11F1272E-5CFC-49A5-9AC9-C5D5BDD78FB4}.Debug|Any CPU.ActiveCfg = Debug|Any CPU
		{11F1272E-5CFC-49A5-9AC9-C5D5BDD78FB4}.Debug|Any CPU.Build.0 = Debug|Any CPU
		{11F1272E-5CFC-49A5-9AC9-C5D5BDD78FB4}.Release|Any CPU.ActiveCfg = Release|Any CPU
		{11F1272E-5CFC-49A5-9AC9-C5D5BDD78FB4}.Release|Any CPU.Build.0 = Release|Any CPU
		{8F5627B0-5DA2-4820-94A1-770C86265DC4}.Debug|Any CPU.ActiveCfg = Debug|Any CPU
		{8F5627B0-5DA2-4820-94A1-770C86265DC4}.Debug|Any CPU.Build.0 = Debug|Any CPU
		{8F5627B0-5DA2-4820-94A1-770C86265DC4}.Release|Any CPU.ActiveCfg = Release|Any CPU
		{8F5627B0-5DA2-4820-94A1-770C86265DC4}.Release|Any CPU.Build.0 = Release|Any CPU
		{6E661305-4BEC-49E6-95F9-B139EA75F391}.Debug|Any CPU.ActiveCfg = Debug|Any CPU
		{6E661305-4BEC-49E6-95F9-B139EA75F391}.Debug|Any CPU.Build.0 = Debug|Any CPU
		{6E661305-4BEC-49E6-95F9-B139EA75F391}.Release|Any CPU.ActiveCfg = Release|Any CPU
		{6E661305-4BEC-49E6-95F9-B139EA75F391}.Release|Any CPU.Build.0 = Release|Any CPU
		{28643FA7-55E2-4D72-B4EB-D591072DF5C5}.Debug|Any CPU.ActiveCfg = Debug|Any CPU
		{28643FA7-55E2-4D72-B4EB-D591072DF5C5}.Debug|Any CPU.Build.0 = Debug|Any CPU
		{28643FA7-55E2-4D72-B4EB-D591072DF5C5}.Release|Any CPU.ActiveCfg = Release|Any CPU
		{28643FA7-55E2-4D72-B4EB-D591072DF5C5}.Release|Any CPU.Build.0 = Release|Any CPU
		{B679B48E-792A-45E7-9FCA-932E1E44980F}.Debug|Any CPU.ActiveCfg = Debug|Any CPU
		{B679B48E-792A-45E7-9FCA-932E1E44980F}.Debug|Any CPU.Build.0 = Debug|Any CPU
		{B679B48E-792A-45E7-9FCA-932E1E44980F}.Release|Any CPU.ActiveCfg = Release|Any CPU
		{B679B48E-792A-45E7-9FCA-932E1E44980F}.Release|Any CPU.Build.0 = Release|Any CPU
		{AAD8A752-B899-4561-B6D8-95BF79CD4AE7}.Debug|Any CPU.ActiveCfg = Debug|Any CPU
		{AAD8A752-B899-4561-B6D8-95BF79CD4AE7}.Debug|Any CPU.Build.0 = Debug|Any CPU
		{AAD8A752-B899-4561-B6D8-95BF79CD4AE7}.Release|Any CPU.ActiveCfg = Release|Any CPU
		{AAD8A752-B899-4561-B6D8-95BF79CD4AE7}.Release|Any CPU.Build.0 = Release|Any CPU
	EndGlobalSection
EndGlobal
