
Microsoft Visual Studio Solution File, Format Version 12.00
Project("{FAE04EC0-301F-11D3-BF4B-00C04F79EFBC}") = "01Delegates", "01Delegates\01Delegates.csproj", "{11F1272E-5CFC-49A5-9AC9-C5D5BDD78FB4}"
EndProject
Project("{FAE04EC0-301F-11D3-BF4B-00C04F79EFBC}") = "02MulticastDelegate", "02MulticastDelegate\02MulticastDelegate.csproj", "{8F5627B0-5DA2-4820-94A1-770C86265DC4}"
EndProject
Project("{FAE04EC0-301F-11D3-BF4B-00C04F79EFBC}") = "03AnonymousMethod", "03AnonymousMethod\03AnonymousMethod.csproj", "{6E661305-4BEC-49E6-95F9-B139EA75F391}"
EndProject
Global
	GlobalSection(SolutionConfigurationPlatforms) = preSolution
		Debug|Any CPU = Debug|Any CPU
		Release|Any CPU = Release|Any CPU
	EndGlobalSection
	GlobalSection(ProjectConfigurationPlatforms) = postSolution
		{11F1272E-5CFC-49A5-9AC9-C5D5BDD78FB4}.Debug|Any CPU.ActiveCfg = Debug|Any CPU
		{11F1272E-5CFC-49A5-9AC9-C5D5BDD78FB4}.Debug|Any CPU.Build.0 = Debug|Any CPU
		{11F1272E-5CFC-49A5-9AC9-C5D5BDD78FB4}.Release|Any CPU.ActiveCfg = Release|Any CPU
		{11F1272E-5CFC-49A5-9AC9-C5D5BDD78FB4}.Release|Any CPU.Build.0 = Release|Any CPU
		{8F5627B0-5DA2-4820-94A1-770C86265DC4}.Debug|Any CPU.ActiveCfg = Debug|Any CPU
		{8F5627B0-5DA2-4820-94A1-770C86265DC4}.Debug|Any CPU.Build.0 = Debug|Any CPU
		{8F5627B0-5DA2-4820-94A1-770C86265DC4}.Release|Any CPU.ActiveCfg = Release|Any CPU
		{8F5627B0-5DA2-4820-94A1-770C86265DC4}.Release|Any CPU.Build.0 = Release|Any CPU
		{6E661305-4BEC-49E6-95F9-B139EA75F391}.Debug|Any CPU.ActiveCfg = Debug|Any CPU
		{6E661305-4BEC-49E6-95F9-B139EA75F391}.Debug|Any CPU.Build.0 = Debug|Any CPU
		{6E661305-4BEC-49E6-95F9-B139EA75F391}.Release|Any CPU.ActiveCfg = Release|Any CPU
		{6E661305-4BEC-49E6-95F9-B139EA75F391}.Release|Any CPU.Build.0 = Release|Any CPU
	EndGlobalSection
EndGlobal
