
Microsoft Visual Studio Solution File, Format Version 12.00
Project("{FAE04EC0-301F-11D3-BF4B-00C04F79EFBC}") = "01BinarySerialize", "01BinarySerialize\01BinarySerialize.csproj", "{0DEA97FA-2C7C-4808-A448-A30231C12251}"
EndProject
Project("{FAE04EC0-301F-11D3-BF4B-00C04F79EFBC}") = "02XmlSerialize", "02XmlSerialize\02XmlSerialize.csproj", "{C4EE9D6D-3688-405A-899D-F6B4D48DC948}"
EndProject
Project("{FAE04EC0-301F-11D3-BF4B-00C04F79EFBC}") = "03XmlDeserialize", "03XmlDeserialize\03XmlDeserialize.csproj", "{617A9C55-B39E-47C4-8840-9691D45C31E4}"
EndProject
Project("{FAE04EC0-301F-11D3-BF4B-00C04F79EFBC}") = "04JsonSerialize", "04JsonSerialize\04JsonSerialize.csproj", "{47A9C1E4-7DF3-40FB-A190-535C89E98537}"
EndProject
Project("{FAE04EC0-301F-11D3-BF4B-00C04F79EFBC}") = "05JsonDeserialize", "05JsonDeserialize\05JsonDeserialize.csproj", "{4AB52602-819C-4B7A-9D2B-76A2EECCBC82}"
EndProject
Global
	GlobalSection(SolutionConfigurationPlatforms) = preSolution
		Debug|Any CPU = Debug|Any CPU
		Release|Any CPU = Release|Any CPU
	EndGlobalSection
	GlobalSection(ProjectConfigurationPlatforms) = postSolution
		{0DEA97FA-2C7C-4808-A448-A30231C12251}.Debug|Any CPU.ActiveCfg = Debug|Any CPU
		{0DEA97FA-2C7C-4808-A448-A30231C12251}.Debug|Any CPU.Build.0 = Debug|Any CPU
		{0DEA97FA-2C7C-4808-A448-A30231C12251}.Release|Any CPU.ActiveCfg = Release|Any CPU
		{0DEA97FA-2C7C-4808-A448-A30231C12251}.Release|Any CPU.Build.0 = Release|Any CPU
		{C4EE9D6D-3688-405A-899D-F6B4D48DC948}.Debug|Any CPU.ActiveCfg = Debug|Any CPU
		{C4EE9D6D-3688-405A-899D-F6B4D48DC948}.Debug|Any CPU.Build.0 = Debug|Any CPU
		{C4EE9D6D-3688-405A-899D-F6B4D48DC948}.Release|Any CPU.ActiveCfg = Release|Any CPU
		{C4EE9D6D-3688-405A-899D-F6B4D48DC948}.Release|Any CPU.Build.0 = Release|Any CPU
		{617A9C55-B39E-47C4-8840-9691D45C31E4}.Debug|Any CPU.ActiveCfg = Debug|Any CPU
		{617A9C55-B39E-47C4-8840-9691D45C31E4}.Debug|Any CPU.Build.0 = Debug|Any CPU
		{617A9C55-B39E-47C4-8840-9691D45C31E4}.Release|Any CPU.ActiveCfg = Release|Any CPU
		{617A9C55-B39E-47C4-8840-9691D45C31E4}.Release|Any CPU.Build.0 = Release|Any CPU
		{47A9C1E4-7DF3-40FB-A190-535C89E98537}.Debug|Any CPU.ActiveCfg = Debug|Any CPU
		{47A9C1E4-7DF3-40FB-A190-535C89E98537}.Debug|Any CPU.Build.0 = Debug|Any CPU
		{47A9C1E4-7DF3-40FB-A190-535C89E98537}.Release|Any CPU.ActiveCfg = Release|Any CPU
		{47A9C1E4-7DF3-40FB-A190-535C89E98537}.Release|Any CPU.Build.0 = Release|Any CPU
		{4AB52602-819C-4B7A-9D2B-76A2EECCBC82}.Debug|Any CPU.ActiveCfg = Debug|Any CPU
		{4AB52602-819C-4B7A-9D2B-76A2EECCBC82}.Debug|Any CPU.Build.0 = Debug|Any CPU
		{4AB52602-819C-4B7A-9D2B-76A2EECCBC82}.Release|Any CPU.ActiveCfg = Release|Any CPU
		{4AB52602-819C-4B7A-9D2B-76A2EECCBC82}.Release|Any CPU.Build.0 = Release|Any CPU
	EndGlobalSection
EndGlobal
