
Microsoft Visual Studio Solution File, Format Version 12.00
Project("{FAE04EC0-301F-11D3-BF4B-00C04F79EFBC}") = "01TryCatchFinally", "01TryCatchFinally\01TryCatchFinally.csproj", "{F5DFBC2D-046B-4A01-A225-36A1AB2CF32E}"
EndProject
Project("{FAE04EC0-301F-11D3-BF4B-00C04F79EFBC}") = "02ThrowException", "02ThrowException\02ThrowException.csproj", "{1B4C8D45-C0D9-4F1E-9851-034A9C48F10E}"
EndProject
Project("{FAE04EC0-301F-11D3-BF4B-00C04F79EFBC}") = "03FilterExceptions", "03FilterExceptions\03FilterExceptions.csproj", "{21A939F3-97FC-421F-A6EE-D6D68256C776}"
EndProject
Project("{FAE04EC0-301F-11D3-BF4B-00C04F79EFBC}") = "ExerciseErrorHandling", "ExerciseErrorHandling\ExerciseErrorHandling.csproj", "{8700C4A7-C44E-40AD-BC8B-5D9641E48848}"
EndProject
Project("{FAE04EC0-301F-11D3-BF4B-00C04F79EFBC}") = "04CustomExceptions", "04CustomExceptions\04CustomExceptions.csproj", "{37A0AC13-77B9-42A7-8686-FC3ED6D61835}"
EndProject
Global
	GlobalSection(SolutionConfigurationPlatforms) = preSolution
		Debug|Any CPU = Debug|Any CPU
		Release|Any CPU = Release|Any CPU
	EndGlobalSection
	GlobalSection(ProjectConfigurationPlatforms) = postSolution
		{F5DFBC2D-046B-4A01-A225-36A1AB2CF32E}.Debug|Any CPU.ActiveCfg = Debug|Any CPU
		{F5DFBC2D-046B-4A01-A225-36A1AB2CF32E}.Debug|Any CPU.Build.0 = Debug|Any CPU
		{F5DFBC2D-046B-4A01-A225-36A1AB2CF32E}.Release|Any CPU.ActiveCfg = Release|Any CPU
		{F5DFBC2D-046B-4A01-A225-36A1AB2CF32E}.Release|Any CPU.Build.0 = Release|Any CPU
		{1B4C8D45-C0D9-4F1E-9851-034A9C48F10E}.Debug|Any CPU.ActiveCfg = Debug|Any CPU
		{1B4C8D45-C0D9-4F1E-9851-034A9C48F10E}.Debug|Any CPU.Build.0 = Debug|Any CPU
		{1B4C8D45-C0D9-4F1E-9851-034A9C48F10E}.Release|Any CPU.ActiveCfg = Release|Any CPU
		{1B4C8D45-C0D9-4F1E-9851-034A9C48F10E}.Release|Any CPU.Build.0 = Release|Any CPU
		{21A939F3-97FC-421F-A6EE-D6D68256C776}.Debug|Any CPU.ActiveCfg = Debug|Any CPU
		{21A939F3-97FC-421F-A6EE-D6D68256C776}.Debug|Any CPU.Build.0 = Debug|Any CPU
		{21A939F3-97FC-421F-A6EE-D6D68256C776}.Release|Any CPU.ActiveCfg = Release|Any CPU
		{21A939F3-97FC-421F-A6EE-D6D68256C776}.Release|Any CPU.Build.0 = Release|Any CPU
		{8700C4A7-C44E-40AD-BC8B-5D9641E48848}.Debug|Any CPU.ActiveCfg = Debug|Any CPU
		{8700C4A7-C44E-40AD-BC8B-5D9641E48848}.Debug|Any CPU.Build.0 = Debug|Any CPU
		{8700C4A7-C44E-40AD-BC8B-5D9641E48848}.Release|Any CPU.ActiveCfg = Release|Any CPU
		{8700C4A7-C44E-40AD-BC8B-5D9641E48848}.Release|Any CPU.Build.0 = Release|Any CPU
		{37A0AC13-77B9-42A7-8686-FC3ED6D61835}.Debug|Any CPU.ActiveCfg = Debug|Any CPU
		{37A0AC13-77B9-42A7-8686-FC3ED6D61835}.Debug|Any CPU.Build.0 = Debug|Any CPU
		{37A0AC13-77B9-42A7-8686-FC3ED6D61835}.Release|Any CPU.ActiveCfg = Release|Any CPU
		{37A0AC13-77B9-42A7-8686-FC3ED6D61835}.Release|Any CPU.Build.0 = Release|Any CPU
	EndGlobalSection
EndGlobal
