
Microsoft Visual Studio Solution File, Format Version 12.00
Project("{FAE04EC0-301F-11D3-BF4B-00C04F79EFBC}") = "2InheritanceAccessModif", "2InheritanceAccessModif\2InheritanceAccessModif.csproj", "{2F29943C-86DA-4BA2-9553-6DA86094A117}"
EndProject
Project("{FAE04EC0-301F-11D3-BF4B-00C04F79EFBC}") = "3InheritanceConstructor", "3InheritanceConstructor\3InheritanceConstructor.csproj", "{D1D679BE-00D6-4497-9397-FA9EEF9424D9}"
EndProject
Project("{FAE04EC0-301F-11D3-BF4B-00C04F79EFBC}") = "4InheritanceObject", "4InheritanceObject\4InheritanceObject.csproj", "{AF99C24A-73BB-4192-8D97-2E16D79CE179}"
EndProject
Project("{FAE04EC0-301F-11D3-BF4B-00C04F79EFBC}") = "5InheritanceNew", "5InheritanceNew\5InheritanceNew.csproj", "{D7ADAA72-4AC3-47DB-8AC2-28BE9524A956}"
EndProject
Project("{FAE04EC0-301F-11D3-BF4B-00C04F79EFBC}") = "6InheritanceVirtualOverride", "6InheritanceVirtualOverride\6InheritanceVirtualOverride.csproj", "{654A5C2C-0C80-4DDC-9961-E620FE12FD94}"
EndProject
Project("{FAE04EC0-301F-11D3-BF4B-00C04F79EFBC}") = "7InheritanceSealed", "7InheritanceSealed\7InheritanceSealed.csproj", "{8E713D6B-BC0C-485F-959B-8933B2A74E34}"
EndProject
Project("{FAE04EC0-301F-11D3-BF4B-00C04F79EFBC}") = "ExerciseInheritance", "ExerciseInheritance\ExerciseInheritance.csproj", "{9EEA14F9-9B16-4B00-950D-9697F1F3ADA1}"
EndProject
Project("{FAE04EC0-301F-11D3-BF4B-00C04F79EFBC}") = "8InheritanceTypes", "8InheritanceTypes\8InheritanceTypes.csproj", "{D6C389CC-9CF5-49E7-83D6-8A5C2364E840}"
EndProject
Project("{FAE04EC0-301F-11D3-BF4B-00C04F79EFBC}") = "9InheritanceUpDownCasting", "9InheritanceUpDownCasting\9InheritanceUpDownCasting.csproj", "{CF1DE1D7-C01D-4964-8B25-6CB30BF616D0}"
EndProject
Global
	GlobalSection(SolutionConfigurationPlatforms) = preSolution
		Debug|Any CPU = Debug|Any CPU
		Release|Any CPU = Release|Any CPU
	EndGlobalSection
	GlobalSection(ProjectConfigurationPlatforms) = postSolution
		{2F29943C-86DA-4BA2-9553-6DA86094A117}.Debug|Any CPU.ActiveCfg = Debug|Any CPU
		{2F29943C-86DA-4BA2-9553-6DA86094A117}.Debug|Any CPU.Build.0 = Debug|Any CPU
		{2F29943C-86DA-4BA2-9553-6DA86094A117}.Release|Any CPU.ActiveCfg = Release|Any CPU
		{2F29943C-86DA-4BA2-9553-6DA86094A117}.Release|Any CPU.Build.0 = Release|Any CPU
		{D1D679BE-00D6-4497-9397-FA9EEF9424D9}.Debug|Any CPU.ActiveCfg = Debug|Any CPU
		{D1D679BE-00D6-4497-9397-FA9EEF9424D9}.Debug|Any CPU.Build.0 = Debug|Any CPU
		{D1D679BE-00D6-4497-9397-FA9EEF9424D9}.Release|Any CPU.ActiveCfg = Release|Any CPU
		{D1D679BE-00D6-4497-9397-FA9EEF9424D9}.Release|Any CPU.Build.0 = Release|Any CPU
		{AF99C24A-73BB-4192-8D97-2E16D79CE179}.Debug|Any CPU.ActiveCfg = Debug|Any CPU
		{AF99C24A-73BB-4192-8D97-2E16D79CE179}.Debug|Any CPU.Build.0 = Debug|Any CPU
		{AF99C24A-73BB-4192-8D97-2E16D79CE179}.Release|Any CPU.ActiveCfg = Release|Any CPU
		{AF99C24A-73BB-4192-8D97-2E16D79CE179}.Release|Any CPU.Build.0 = Release|Any CPU
		{D7ADAA72-4AC3-47DB-8AC2-28BE9524A956}.Debug|Any CPU.ActiveCfg = Debug|Any CPU
		{D7ADAA72-4AC3-47DB-8AC2-28BE9524A956}.Debug|Any CPU.Build.0 = Debug|Any CPU
		{D7ADAA72-4AC3-47DB-8AC2-28BE9524A956}.Release|Any CPU.ActiveCfg = Release|Any CPU
		{D7ADAA72-4AC3-47DB-8AC2-28BE9524A956}.Release|Any CPU.Build.0 = Release|Any CPU
		{654A5C2C-0C80-4DDC-9961-E620FE12FD94}.Debug|Any CPU.ActiveCfg = Debug|Any CPU
		{654A5C2C-0C80-4DDC-9961-E620FE12FD94}.Debug|Any CPU.Build.0 = Debug|Any CPU
		{654A5C2C-0C80-4DDC-9961-E620FE12FD94}.Release|Any CPU.ActiveCfg = Release|Any CPU
		{654A5C2C-0C80-4DDC-9961-E620FE12FD94}.Release|Any CPU.Build.0 = Release|Any CPU
		{8E713D6B-BC0C-485F-959B-8933B2A74E34}.Debug|Any CPU.ActiveCfg = Debug|Any CPU
		{8E713D6B-BC0C-485F-959B-8933B2A74E34}.Debug|Any CPU.Build.0 = Debug|Any CPU
		{8E713D6B-BC0C-485F-959B-8933B2A74E34}.Release|Any CPU.ActiveCfg = Release|Any CPU
		{8E713D6B-BC0C-485F-959B-8933B2A74E34}.Release|Any CPU.Build.0 = Release|Any CPU
		{9EEA14F9-9B16-4B00-950D-9697F1F3ADA1}.Debug|Any CPU.ActiveCfg = Debug|Any CPU
		{9EEA14F9-9B16-4B00-950D-9697F1F3ADA1}.Debug|Any CPU.Build.0 = Debug|Any CPU
		{9EEA14F9-9B16-4B00-950D-9697F1F3ADA1}.Release|Any CPU.ActiveCfg = Release|Any CPU
		{9EEA14F9-9B16-4B00-950D-9697F1F3ADA1}.Release|Any CPU.Build.0 = Release|Any CPU
		{D6C389CC-9CF5-49E7-83D6-8A5C2364E840}.Debug|Any CPU.ActiveCfg = Debug|Any CPU
		{D6C389CC-9CF5-49E7-83D6-8A5C2364E840}.Debug|Any CPU.Build.0 = Debug|Any CPU
		{D6C389CC-9CF5-49E7-83D6-8A5C2364E840}.Release|Any CPU.ActiveCfg = Release|Any CPU
		{D6C389CC-9CF5-49E7-83D6-8A5C2364E840}.Release|Any CPU.Build.0 = Release|Any CPU
		{CF1DE1D7-C01D-4964-8B25-6CB30BF616D0}.Debug|Any CPU.ActiveCfg = Debug|Any CPU
		{CF1DE1D7-C01D-4964-8B25-6CB30BF616D0}.Debug|Any CPU.Build.0 = Debug|Any CPU
		{CF1DE1D7-C01D-4964-8B25-6CB30BF616D0}.Release|Any CPU.ActiveCfg = Release|Any CPU
		{CF1DE1D7-C01D-4964-8B25-6CB30BF616D0}.Release|Any CPU.Build.0 = Release|Any CPU
	EndGlobalSection
EndGlobal
