
Microsoft Visual Studio Solution File, Format Version 12.00
# Visual Studio Version 17
VisualStudioVersion = 17.0.31903.59
MinimumVisualStudioVersion = 10.0.40219.1
Project("{FAE04EC0-301F-11D3-BF4B-00C04F79EFBC}") = "4MetodosParametros", "4MetodosParametros\4MetodosParametros.csproj", "{8963042E-DF1E-499D-A717-972AD4B124CB}"
EndProject
Project("{FAE04EC0-301F-11D3-BF4B-00C04F79EFBC}") = "5Construtores", "5Construtores\5Construtores.csproj", "{F340D4FB-876A-4145-B64E-1590BED9FD24}"
EndProject
Project("{FAE04EC0-301F-11D3-BF4B-00C04F79EFBC}") = "6This", "6This\6This.csproj", "{F8D6501C-79AA-4C95-9BEB-82DC260D0590}"
EndProject
Project("{FAE04EC0-301F-11D3-BF4B-00C04F79EFBC}") = "ExercicioPratico1", "ExercicioPratico1\ExercicioPratico1.csproj", "{06F73587-83A5-4502-8876-98374D5D56F5}"
EndProject
Project("{FAE04EC0-301F-11D3-BF4B-00C04F79EFBC}") = "ExercicioPratico2", "ExercicioPratico2\ExercicioPratico2.csproj", "{A70DFF4C-D917-4D53-AACA-981EDBC1670C}"
EndProject
Project("{FAE04EC0-301F-11D3-BF4B-00C04F79EFBC}") = "7MetodosComRetorno", "7MetodosComRetorno\7MetodosComRetorno.csproj", "{241A4E44-1202-4A73-863C-94EFDC93FCF1}"
EndProject
Project("{FAE04EC0-301F-11D3-BF4B-00C04F79EFBC}") = "8SobrecargaMetodos", "8SobrecargaMetodos\8SobrecargaMetodos.csproj", "{C59C2CFE-BE20-4EF1-B479-13F1B40928C9}"
EndProject
Project("{FAE04EC0-301F-11D3-BF4B-00C04F79EFBC}") = "9PassandoArgumentosPorValor", "9PassandoArgumentosPorValor\9PassandoArgumentosPorValor.csproj", "{C486BAC5-6012-44EF-AE57-EAAF35B08107}"
EndProject
Project("{FAE04EC0-301F-11D3-BF4B-00C04F79EFBC}") = "10PassandoArgumentosPorReferencia", "10PassandoArgumentosPorReferencia\10PassandoArgumentosPorReferencia.csproj", "{964D6C96-D4C2-433D-925C-3F73B9CD2791}"
EndProject
Project("{FAE04EC0-301F-11D3-BF4B-00C04F79EFBC}") = "ExercicioPratico3", "ExercicioPratico3\ExercicioPratico3.csproj", "{F1AC16FE-7799-4864-BB6D-6BE1A47E58AE}"
EndProject
Project("{FAE04EC0-301F-11D3-BF4B-00C04F79EFBC}") = "11PassandoArgumentosPorReferenciaOut", "11PassandoArgumentosPorReferenciaOut\11PassandoArgumentosPorReferenciaOut.csproj", "{7ACACAAC-59FC-4491-ADC1-9FD8EA57ABEC}"
EndProject
Project("{FAE04EC0-301F-11D3-BF4B-00C04F79EFBC}") = "ExercicioPratico4", "ExercicioPratico4\ExercicioPratico4.csproj", "{1812C8FC-4B35-4347-8D91-5579E06EBD6E}"
EndProject
Project("{FAE04EC0-301F-11D3-BF4B-00C04F79EFBC}") = "12ArgumentosNomeados", "12ArgumentosNomeados\12ArgumentosNomeados.csproj", "{C7B18182-7AF9-4FAE-BE04-C91A058EC41A}"
EndProject
Project("{FAE04EC0-301F-11D3-BF4B-00C04F79EFBC}") = "13ParametrosOpcionais", "13ParametrosOpcionais\13ParametrosOpcionais.csproj", "{B3C7BA4D-9FCB-4676-B7A2-F91ED4990D91}"
EndProject
Project("{FAE04EC0-301F-11D3-BF4B-00C04F79EFBC}") = "ExercicioPratico5", "ExercicioPratico5\ExercicioPratico5.csproj", "{5BB014F5-AFE0-473F-9A98-D514044520BF}"
EndProject
Project("{FAE04EC0-301F-11D3-BF4B-00C04F79EFBC}") = "14MetodosEstaticos", "14MetodosEstaticos\14MetodosEstaticos.csproj", "{57DD0AFD-A365-467C-BC5A-D826408BDC09}"
EndProject
Project("{FAE04EC0-301F-11D3-BF4B-00C04F79EFBC}") = "15CamposEstaticos", "15CamposEstaticos\15CamposEstaticos.csproj", "{59A59B3F-AFB5-4042-AAD0-74602A53A77A}"
EndProject
Project("{FAE04EC0-301F-11D3-BF4B-00C04F79EFBC}") = "ExercicioPratico6", "ExercicioPratico6\ExercicioPratico6.csproj", "{D3007460-DE59-462B-89A6-0FC393F41B19}"
EndProject
Project("{FAE04EC0-301F-11D3-BF4B-00C04F79EFBC}") = "16ConstrutorEstatico", "16ConstrutorEstatico\16ConstrutorEstatico.csproj", "{67150B4F-4FCE-489D-A24F-7162C92B3A0D}"
EndProject
Project("{FAE04EC0-301F-11D3-BF4B-00C04F79EFBC}") = "17Propriedades", "17Propriedades\17Propriedades.csproj", "{835FC2E1-11F2-42CD-86B1-FF1D614A49BD}"
EndProject
Project("{FAE04EC0-301F-11D3-BF4B-00C04F79EFBC}") = "ExercicioPratico7", "ExercicioPratico7\ExercicioPratico7.csproj", "{BA2A9DDA-A13D-461D-B7FA-1DCCE36302F9}"
EndProject
Project("{FAE04EC0-301F-11D3-BF4B-00C04F79EFBC}") = "18Structs", "18Structs\18Structs.csproj", "{4766F310-7665-43E8-B6F9-3D4791CB5848}"
EndProject
Project("{FAE04EC0-301F-11D3-BF4B-00C04F79EFBC}") = "ExercicioPratico8", "ExercicioPratico8\ExercicioPratico8.csproj", "{F7EF0730-5D92-4130-A0F6-BBFDE1604C4E}"
EndProject
Project("{FAE04EC0-301F-11D3-BF4B-00C04F79EFBC}") = "19Enum", "19Enum\19Enum.csproj", "{E5DB0D08-6F0B-46E6-B068-53FD37B62F62}"
EndProject
Project("{FAE04EC0-301F-11D3-BF4B-00C04F79EFBC}") = "ExercicioPratico9", "ExercicioPratico9\ExercicioPratico9.csproj", "{E2BB7CAB-7BE9-43BD-B3F3-F2E5E33EF4AF}"
EndProject
Global
	GlobalSection(SolutionConfigurationPlatforms) = preSolution
		Debug|Any CPU = Debug|Any CPU
		Release|Any CPU = Release|Any CPU
	EndGlobalSection
	GlobalSection(SolutionProperties) = preSolution
		HideSolutionNode = FALSE
	EndGlobalSection
	GlobalSection(ProjectConfigurationPlatforms) = postSolution
		{8963042E-DF1E-499D-A717-972AD4B124CB}.Debug|Any CPU.ActiveCfg = Debug|Any CPU
		{8963042E-DF1E-499D-A717-972AD4B124CB}.Debug|Any CPU.Build.0 = Debug|Any CPU
		{8963042E-DF1E-499D-A717-972AD4B124CB}.Release|Any CPU.ActiveCfg = Release|Any CPU
		{8963042E-DF1E-499D-A717-972AD4B124CB}.Release|Any CPU.Build.0 = Release|Any CPU
		{F340D4FB-876A-4145-B64E-1590BED9FD24}.Debug|Any CPU.ActiveCfg = Debug|Any CPU
		{F340D4FB-876A-4145-B64E-1590BED9FD24}.Debug|Any CPU.Build.0 = Debug|Any CPU
		{F340D4FB-876A-4145-B64E-1590BED9FD24}.Release|Any CPU.ActiveCfg = Release|Any CPU
		{F340D4FB-876A-4145-B64E-1590BED9FD24}.Release|Any CPU.Build.0 = Release|Any CPU
		{F8D6501C-79AA-4C95-9BEB-82DC260D0590}.Debug|Any CPU.ActiveCfg = Debug|Any CPU
		{F8D6501C-79AA-4C95-9BEB-82DC260D0590}.Debug|Any CPU.Build.0 = Debug|Any CPU
		{F8D6501C-79AA-4C95-9BEB-82DC260D0590}.Release|Any CPU.ActiveCfg = Release|Any CPU
		{F8D6501C-79AA-4C95-9BEB-82DC260D0590}.Release|Any CPU.Build.0 = Release|Any CPU
		{06F73587-83A5-4502-8876-98374D5D56F5}.Debug|Any CPU.ActiveCfg = Debug|Any CPU
		{06F73587-83A5-4502-8876-98374D5D56F5}.Debug|Any CPU.Build.0 = Debug|Any CPU
		{06F73587-83A5-4502-8876-98374D5D56F5}.Release|Any CPU.ActiveCfg = Release|Any CPU
		{06F73587-83A5-4502-8876-98374D5D56F5}.Release|Any CPU.Build.0 = Release|Any CPU
		{A70DFF4C-D917-4D53-AACA-981EDBC1670C}.Debug|Any CPU.ActiveCfg = Debug|Any CPU
		{A70DFF4C-D917-4D53-AACA-981EDBC1670C}.Debug|Any CPU.Build.0 = Debug|Any CPU
		{A70DFF4C-D917-4D53-AACA-981EDBC1670C}.Release|Any CPU.ActiveCfg = Release|Any CPU
		{A70DFF4C-D917-4D53-AACA-981EDBC1670C}.Release|Any CPU.Build.0 = Release|Any CPU
		{241A4E44-1202-4A73-863C-94EFDC93FCF1}.Debug|Any CPU.ActiveCfg = Debug|Any CPU
		{241A4E44-1202-4A73-863C-94EFDC93FCF1}.Debug|Any CPU.Build.0 = Debug|Any CPU
		{241A4E44-1202-4A73-863C-94EFDC93FCF1}.Release|Any CPU.ActiveCfg = Release|Any CPU
		{241A4E44-1202-4A73-863C-94EFDC93FCF1}.Release|Any CPU.Build.0 = Release|Any CPU
		{C59C2CFE-BE20-4EF1-B479-13F1B40928C9}.Debug|Any CPU.ActiveCfg = Debug|Any CPU
		{C59C2CFE-BE20-4EF1-B479-13F1B40928C9}.Debug|Any CPU.Build.0 = Debug|Any CPU
		{C59C2CFE-BE20-4EF1-B479-13F1B40928C9}.Release|Any CPU.ActiveCfg = Release|Any CPU
		{C59C2CFE-BE20-4EF1-B479-13F1B40928C9}.Release|Any CPU.Build.0 = Release|Any CPU
		{C486BAC5-6012-44EF-AE57-EAAF35B08107}.Debug|Any CPU.ActiveCfg = Debug|Any CPU
		{C486BAC5-6012-44EF-AE57-EAAF35B08107}.Debug|Any CPU.Build.0 = Debug|Any CPU
		{C486BAC5-6012-44EF-AE57-EAAF35B08107}.Release|Any CPU.ActiveCfg = Release|Any CPU
		{C486BAC5-6012-44EF-AE57-EAAF35B08107}.Release|Any CPU.Build.0 = Release|Any CPU
		{964D6C96-D4C2-433D-925C-3F73B9CD2791}.Debug|Any CPU.ActiveCfg = Debug|Any CPU
		{964D6C96-D4C2-433D-925C-3F73B9CD2791}.Debug|Any CPU.Build.0 = Debug|Any CPU
		{964D6C96-D4C2-433D-925C-3F73B9CD2791}.Release|Any CPU.ActiveCfg = Release|Any CPU
		{964D6C96-D4C2-433D-925C-3F73B9CD2791}.Release|Any CPU.Build.0 = Release|Any CPU
		{F1AC16FE-7799-4864-BB6D-6BE1A47E58AE}.Debug|Any CPU.ActiveCfg = Debug|Any CPU
		{F1AC16FE-7799-4864-BB6D-6BE1A47E58AE}.Debug|Any CPU.Build.0 = Debug|Any CPU
		{F1AC16FE-7799-4864-BB6D-6BE1A47E58AE}.Release|Any CPU.ActiveCfg = Release|Any CPU
		{F1AC16FE-7799-4864-BB6D-6BE1A47E58AE}.Release|Any CPU.Build.0 = Release|Any CPU
		{7ACACAAC-59FC-4491-ADC1-9FD8EA57ABEC}.Debug|Any CPU.ActiveCfg = Debug|Any CPU
		{7ACACAAC-59FC-4491-ADC1-9FD8EA57ABEC}.Debug|Any CPU.Build.0 = Debug|Any CPU
		{7ACACAAC-59FC-4491-ADC1-9FD8EA57ABEC}.Release|Any CPU.ActiveCfg = Release|Any CPU
		{7ACACAAC-59FC-4491-ADC1-9FD8EA57ABEC}.Release|Any CPU.Build.0 = Release|Any CPU
		{1812C8FC-4B35-4347-8D91-5579E06EBD6E}.Debug|Any CPU.ActiveCfg = Debug|Any CPU
		{1812C8FC-4B35-4347-8D91-5579E06EBD6E}.Debug|Any CPU.Build.0 = Debug|Any CPU
		{1812C8FC-4B35-4347-8D91-5579E06EBD6E}.Release|Any CPU.ActiveCfg = Release|Any CPU
		{1812C8FC-4B35-4347-8D91-5579E06EBD6E}.Release|Any CPU.Build.0 = Release|Any CPU
		{C7B18182-7AF9-4FAE-BE04-C91A058EC41A}.Debug|Any CPU.ActiveCfg = Debug|Any CPU
		{C7B18182-7AF9-4FAE-BE04-C91A058EC41A}.Debug|Any CPU.Build.0 = Debug|Any CPU
		{C7B18182-7AF9-4FAE-BE04-C91A058EC41A}.Release|Any CPU.ActiveCfg = Release|Any CPU
		{C7B18182-7AF9-4FAE-BE04-C91A058EC41A}.Release|Any CPU.Build.0 = Release|Any CPU
		{B3C7BA4D-9FCB-4676-B7A2-F91ED4990D91}.Debug|Any CPU.ActiveCfg = Debug|Any CPU
		{B3C7BA4D-9FCB-4676-B7A2-F91ED4990D91}.Debug|Any CPU.Build.0 = Debug|Any CPU
		{B3C7BA4D-9FCB-4676-B7A2-F91ED4990D91}.Release|Any CPU.ActiveCfg = Release|Any CPU
		{B3C7BA4D-9FCB-4676-B7A2-F91ED4990D91}.Release|Any CPU.Build.0 = Release|Any CPU
		{5BB014F5-AFE0-473F-9A98-D514044520BF}.Debug|Any CPU.ActiveCfg = Debug|Any CPU
		{5BB014F5-AFE0-473F-9A98-D514044520BF}.Debug|Any CPU.Build.0 = Debug|Any CPU
		{5BB014F5-AFE0-473F-9A98-D514044520BF}.Release|Any CPU.ActiveCfg = Release|Any CPU
		{5BB014F5-AFE0-473F-9A98-D514044520BF}.Release|Any CPU.Build.0 = Release|Any CPU
		{57DD0AFD-A365-467C-BC5A-D826408BDC09}.Debug|Any CPU.ActiveCfg = Debug|Any CPU
		{57DD0AFD-A365-467C-BC5A-D826408BDC09}.Debug|Any CPU.Build.0 = Debug|Any CPU
		{57DD0AFD-A365-467C-BC5A-D826408BDC09}.Release|Any CPU.ActiveCfg = Release|Any CPU
		{57DD0AFD-A365-467C-BC5A-D826408BDC09}.Release|Any CPU.Build.0 = Release|Any CPU
		{59A59B3F-AFB5-4042-AAD0-74602A53A77A}.Debug|Any CPU.ActiveCfg = Debug|Any CPU
		{59A59B3F-AFB5-4042-AAD0-74602A53A77A}.Debug|Any CPU.Build.0 = Debug|Any CPU
		{59A59B3F-AFB5-4042-AAD0-74602A53A77A}.Release|Any CPU.ActiveCfg = Release|Any CPU
		{59A59B3F-AFB5-4042-AAD0-74602A53A77A}.Release|Any CPU.Build.0 = Release|Any CPU
		{D3007460-DE59-462B-89A6-0FC393F41B19}.Debug|Any CPU.ActiveCfg = Debug|Any CPU
		{D3007460-DE59-462B-89A6-0FC393F41B19}.Debug|Any CPU.Build.0 = Debug|Any CPU
		{D3007460-DE59-462B-89A6-0FC393F41B19}.Release|Any CPU.ActiveCfg = Release|Any CPU
		{D3007460-DE59-462B-89A6-0FC393F41B19}.Release|Any CPU.Build.0 = Release|Any CPU
		{67150B4F-4FCE-489D-A24F-7162C92B3A0D}.Debug|Any CPU.ActiveCfg = Debug|Any CPU
		{67150B4F-4FCE-489D-A24F-7162C92B3A0D}.Debug|Any CPU.Build.0 = Debug|Any CPU
		{67150B4F-4FCE-489D-A24F-7162C92B3A0D}.Release|Any CPU.ActiveCfg = Release|Any CPU
		{67150B4F-4FCE-489D-A24F-7162C92B3A0D}.Release|Any CPU.Build.0 = Release|Any CPU
		{835FC2E1-11F2-42CD-86B1-FF1D614A49BD}.Debug|Any CPU.ActiveCfg = Debug|Any CPU
		{835FC2E1-11F2-42CD-86B1-FF1D614A49BD}.Debug|Any CPU.Build.0 = Debug|Any CPU
		{835FC2E1-11F2-42CD-86B1-FF1D614A49BD}.Release|Any CPU.ActiveCfg = Release|Any CPU
		{835FC2E1-11F2-42CD-86B1-FF1D614A49BD}.Release|Any CPU.Build.0 = Release|Any CPU
		{BA2A9DDA-A13D-461D-B7FA-1DCCE36302F9}.Debug|Any CPU.ActiveCfg = Debug|Any CPU
		{BA2A9DDA-A13D-461D-B7FA-1DCCE36302F9}.Debug|Any CPU.Build.0 = Debug|Any CPU
		{BA2A9DDA-A13D-461D-B7FA-1DCCE36302F9}.Release|Any CPU.ActiveCfg = Release|Any CPU
		{BA2A9DDA-A13D-461D-B7FA-1DCCE36302F9}.Release|Any CPU.Build.0 = Release|Any CPU
		{4766F310-7665-43E8-B6F9-3D4791CB5848}.Debug|Any CPU.ActiveCfg = Debug|Any CPU
		{4766F310-7665-43E8-B6F9-3D4791CB5848}.Debug|Any CPU.Build.0 = Debug|Any CPU
		{4766F310-7665-43E8-B6F9-3D4791CB5848}.Release|Any CPU.ActiveCfg = Release|Any CPU
		{4766F310-7665-43E8-B6F9-3D4791CB5848}.Release|Any CPU.Build.0 = Release|Any CPU
		{F7EF0730-5D92-4130-A0F6-BBFDE1604C4E}.Debug|Any CPU.ActiveCfg = Debug|Any CPU
		{F7EF0730-5D92-4130-A0F6-BBFDE1604C4E}.Debug|Any CPU.Build.0 = Debug|Any CPU
		{F7EF0730-5D92-4130-A0F6-BBFDE1604C4E}.Release|Any CPU.ActiveCfg = Release|Any CPU
		{F7EF0730-5D92-4130-A0F6-BBFDE1604C4E}.Release|Any CPU.Build.0 = Release|Any CPU
		{E5DB0D08-6F0B-46E6-B068-53FD37B62F62}.Debug|Any CPU.ActiveCfg = Debug|Any CPU
		{E5DB0D08-6F0B-46E6-B068-53FD37B62F62}.Debug|Any CPU.Build.0 = Debug|Any CPU
		{E5DB0D08-6F0B-46E6-B068-53FD37B62F62}.Release|Any CPU.ActiveCfg = Release|Any CPU
		{E5DB0D08-6F0B-46E6-B068-53FD37B62F62}.Release|Any CPU.Build.0 = Release|Any CPU
		{E2BB7CAB-7BE9-43BD-B3F3-F2E5E33EF4AF}.Debug|Any CPU.ActiveCfg = Debug|Any CPU
		{E2BB7CAB-7BE9-43BD-B3F3-F2E5E33EF4AF}.Debug|Any CPU.Build.0 = Debug|Any CPU
		{E2BB7CAB-7BE9-43BD-B3F3-F2E5E33EF4AF}.Release|Any CPU.ActiveCfg = Release|Any CPU
		{E2BB7CAB-7BE9-43BD-B3F3-F2E5E33EF4AF}.Release|Any CPU.Build.0 = Release|Any CPU
	EndGlobalSection
EndGlobal
