
Microsoft Visual Studio Solution File, Format Version 12.00
Project("{FAE04EC0-301F-11D3-BF4B-00C04F79EFBC}") = "Problem03", "Problem03\Problem03.csproj", "{5FBF12B4-5932-49E1-84A0-2ABFCF9C2D94}"
EndProject
Project("{FAE04EC0-301F-11D3-BF4B-00C04F79EFBC}") = "TestProblem03", "TestProblem03\TestProblem03.csproj", "{454B99EB-1B20-44DE-9CFB-57301E564AA2}"
EndProject
Project("{FAE04EC0-301F-11D3-BF4B-00C04F79EFBC}") = "Problem04", "Problem04\Problem04.csproj", "{C2314D97-A17C-4211-A08D-53E41C463862}"
EndProject
Project("{FAE04EC0-301F-11D3-BF4B-00C04F79EFBC}") = "TestProblem05", "TestProblem05\TestProblem05.csproj", "{CA205EFD-294F-4A41-A499-F75DED3E96AE}"
EndProject
Project("{FAE04EC0-301F-11D3-BF4B-00C04F79EFBC}") = "Problem05", "Problem05\Problem05.csproj", "{38CBB8FB-ABC8-4185-9F70-0A8F6E2120E2}"
EndProject
Global
	GlobalSection(SolutionConfigurationPlatforms) = preSolution
		Debug|Any CPU = Debug|Any CPU
		Release|Any CPU = Release|Any CPU
	EndGlobalSection
	GlobalSection(ProjectConfigurationPlatforms) = postSolution
		{5FBF12B4-5932-49E1-84A0-2ABFCF9C2D94}.Debug|Any CPU.ActiveCfg = Debug|Any CPU
		{5FBF12B4-5932-49E1-84A0-2ABFCF9C2D94}.Debug|Any CPU.Build.0 = Debug|Any CPU
		{5FBF12B4-5932-49E1-84A0-2ABFCF9C2D94}.Release|Any CPU.ActiveCfg = Release|Any CPU
		{5FBF12B4-5932-49E1-84A0-2ABFCF9C2D94}.Release|Any CPU.Build.0 = Release|Any CPU
		{454B99EB-1B20-44DE-9CFB-57301E564AA2}.Debug|Any CPU.ActiveCfg = Debug|Any CPU
		{454B99EB-1B20-44DE-9CFB-57301E564AA2}.Debug|Any CPU.Build.0 = Debug|Any CPU
		{454B99EB-1B20-44DE-9CFB-57301E564AA2}.Release|Any CPU.ActiveCfg = Release|Any CPU
		{454B99EB-1B20-44DE-9CFB-57301E564AA2}.Release|Any CPU.Build.0 = Release|Any CPU
		{C2314D97-A17C-4211-A08D-53E41C463862}.Debug|Any CPU.ActiveCfg = Debug|Any CPU
		{C2314D97-A17C-4211-A08D-53E41C463862}.Debug|Any CPU.Build.0 = Debug|Any CPU
		{C2314D97-A17C-4211-A08D-53E41C463862}.Release|Any CPU.ActiveCfg = Release|Any CPU
		{C2314D97-A17C-4211-A08D-53E41C463862}.Release|Any CPU.Build.0 = Release|Any CPU
		{CA205EFD-294F-4A41-A499-F75DED3E96AE}.Debug|Any CPU.ActiveCfg = Debug|Any CPU
		{CA205EFD-294F-4A41-A499-F75DED3E96AE}.Debug|Any CPU.Build.0 = Debug|Any CPU
		{CA205EFD-294F-4A41-A499-F75DED3E96AE}.Release|Any CPU.ActiveCfg = Release|Any CPU
		{CA205EFD-294F-4A41-A499-F75DED3E96AE}.Release|Any CPU.Build.0 = Release|Any CPU
		{38CBB8FB-ABC8-4185-9F70-0A8F6E2120E2}.Debug|Any CPU.ActiveCfg = Debug|Any CPU
		{38CBB8FB-ABC8-4185-9F70-0A8F6E2120E2}.Debug|Any CPU.Build.0 = Debug|Any CPU
		{38CBB8FB-ABC8-4185-9F70-0A8F6E2120E2}.Release|Any CPU.ActiveCfg = Release|Any CPU
		{38CBB8FB-ABC8-4185-9F70-0A8F6E2120E2}.Release|Any CPU.Build.0 = Release|Any CPU
	EndGlobalSection
EndGlobal
