
Microsoft Visual Studio Solution File, Format Version 12.00
Project("{FAE04EC0-301F-11D3-BF4B-00C04F79EFBC}") = "Generics", "Generics\Generics.csproj", "{6B73C353-AF0A-43ED-9B6B-D708EEBC61CF}"
EndProject
Project("{FAE04EC0-301F-11D3-BF4B-00C04F79EFBC}") = "01Generics", "01Generics\01Generics.csproj", "{8AE96DAA-B624-41CA-80E3-59748DBB1229}"
EndProject
Project("{FAE04EC0-301F-11D3-BF4B-00C04F79EFBC}") = "Exercise01_Generics", "Exercise01_Generics\Exercise01_Generics.csproj", "{4AD7131F-2C58-4B2F-B4B0-1B277EF149FB}"
EndProject
Project("{FAE04EC0-301F-11D3-BF4B-00C04F79EFBC}") = "02GetHashCodeEquals", "02GetHashCodeEquals\02GetHashCodeEquals.csproj", "{A02BFE7A-51DE-4FAD-8D86-FC60A6FD3F9A}"
EndProject
Project("{FAE04EC0-301F-11D3-BF4B-00C04F79EFBC}") = "Exercise02_GetHashCodeEquals", "Exercise02_GetHashCodeEquals\Exercise02_GetHashCodeEquals.csproj", "{B3647B17-5C69-4542-9719-9E433E6756F2}"
EndProject
Project("{FAE04EC0-301F-11D3-BF4B-00C04F79EFBC}") = "03Dictionary", "03Dictionary\03Dictionary.csproj", "{F1AB07A1-EBA5-4415-81CD-754D10D71CC4}"
EndProject
Project("{FAE04EC0-301F-11D3-BF4B-00C04F79EFBC}") = "Exercise03_Dictionary", "Exercise03_Dictionary\Exercise03_Dictionary.csproj", "{17519085-9654-4149-8644-84162DFC5FC1}"
EndProject
Project("{FAE04EC0-301F-11D3-BF4B-00C04F79EFBC}") = "04SortedDictionary", "04SortedDictionary\04SortedDictionary.csproj", "{2192B9C9-C7FD-4B77-A3C7-AA98A7A61B8B}"
EndProject
Project("{FAE04EC0-301F-11D3-BF4B-00C04F79EFBC}") = "05HashSet", "05HashSet\05HashSet.csproj", "{55233ABD-5384-4B4D-BF08-58D96E032EB3}"
EndProject
Project("{FAE04EC0-301F-11D3-BF4B-00C04F79EFBC}") = "06Stack", "06Stack\06Stack.csproj", "{3B4B069B-707C-4F92-8AA3-DF7976DB1B38}"
EndProject
Global
	GlobalSection(SolutionConfigurationPlatforms) = preSolution
		Debug|Any CPU = Debug|Any CPU
		Release|Any CPU = Release|Any CPU
	EndGlobalSection
	GlobalSection(ProjectConfigurationPlatforms) = postSolution
		{6B73C353-AF0A-43ED-9B6B-D708EEBC61CF}.Debug|Any CPU.ActiveCfg = Debug|Any CPU
		{6B73C353-AF0A-43ED-9B6B-D708EEBC61CF}.Debug|Any CPU.Build.0 = Debug|Any CPU
		{6B73C353-AF0A-43ED-9B6B-D708EEBC61CF}.Release|Any CPU.ActiveCfg = Release|Any CPU
		{6B73C353-AF0A-43ED-9B6B-D708EEBC61CF}.Release|Any CPU.Build.0 = Release|Any CPU
		{8AE96DAA-B624-41CA-80E3-59748DBB1229}.Debug|Any CPU.ActiveCfg = Debug|Any CPU
		{8AE96DAA-B624-41CA-80E3-59748DBB1229}.Debug|Any CPU.Build.0 = Debug|Any CPU
		{8AE96DAA-B624-41CA-80E3-59748DBB1229}.Release|Any CPU.ActiveCfg = Release|Any CPU
		{8AE96DAA-B624-41CA-80E3-59748DBB1229}.Release|Any CPU.Build.0 = Release|Any CPU
		{4AD7131F-2C58-4B2F-B4B0-1B277EF149FB}.Debug|Any CPU.ActiveCfg = Debug|Any CPU
		{4AD7131F-2C58-4B2F-B4B0-1B277EF149FB}.Debug|Any CPU.Build.0 = Debug|Any CPU
		{4AD7131F-2C58-4B2F-B4B0-1B277EF149FB}.Release|Any CPU.ActiveCfg = Release|Any CPU
		{4AD7131F-2C58-4B2F-B4B0-1B277EF149FB}.Release|Any CPU.Build.0 = Release|Any CPU
		{A02BFE7A-51DE-4FAD-8D86-FC60A6FD3F9A}.Debug|Any CPU.ActiveCfg = Debug|Any CPU
		{A02BFE7A-51DE-4FAD-8D86-FC60A6FD3F9A}.Debug|Any CPU.Build.0 = Debug|Any CPU
		{A02BFE7A-51DE-4FAD-8D86-FC60A6FD3F9A}.Release|Any CPU.ActiveCfg = Release|Any CPU
		{A02BFE7A-51DE-4FAD-8D86-FC60A6FD3F9A}.Release|Any CPU.Build.0 = Release|Any CPU
		{B3647B17-5C69-4542-9719-9E433E6756F2}.Debug|Any CPU.ActiveCfg = Debug|Any CPU
		{B3647B17-5C69-4542-9719-9E433E6756F2}.Debug|Any CPU.Build.0 = Debug|Any CPU
		{B3647B17-5C69-4542-9719-9E433E6756F2}.Release|Any CPU.ActiveCfg = Release|Any CPU
		{B3647B17-5C69-4542-9719-9E433E6756F2}.Release|Any CPU.Build.0 = Release|Any CPU
		{F1AB07A1-EBA5-4415-81CD-754D10D71CC4}.Debug|Any CPU.ActiveCfg = Debug|Any CPU
		{F1AB07A1-EBA5-4415-81CD-754D10D71CC4}.Debug|Any CPU.Build.0 = Debug|Any CPU
		{F1AB07A1-EBA5-4415-81CD-754D10D71CC4}.Release|Any CPU.ActiveCfg = Release|Any CPU
		{F1AB07A1-EBA5-4415-81CD-754D10D71CC4}.Release|Any CPU.Build.0 = Release|Any CPU
		{17519085-9654-4149-8644-84162DFC5FC1}.Debug|Any CPU.ActiveCfg = Debug|Any CPU
		{17519085-9654-4149-8644-84162DFC5FC1}.Debug|Any CPU.Build.0 = Debug|Any CPU
		{17519085-9654-4149-8644-84162DFC5FC1}.Release|Any CPU.ActiveCfg = Release|Any CPU
		{17519085-9654-4149-8644-84162DFC5FC1}.Release|Any CPU.Build.0 = Release|Any CPU
		{2192B9C9-C7FD-4B77-A3C7-AA98A7A61B8B}.Debug|Any CPU.ActiveCfg = Debug|Any CPU
		{2192B9C9-C7FD-4B77-A3C7-AA98A7A61B8B}.Debug|Any CPU.Build.0 = Debug|Any CPU
		{2192B9C9-C7FD-4B77-A3C7-AA98A7A61B8B}.Release|Any CPU.ActiveCfg = Release|Any CPU
		{2192B9C9-C7FD-4B77-A3C7-AA98A7A61B8B}.Release|Any CPU.Build.0 = Release|Any CPU
		{55233ABD-5384-4B4D-BF08-58D96E032EB3}.Debug|Any CPU.ActiveCfg = Debug|Any CPU
		{55233ABD-5384-4B4D-BF08-58D96E032EB3}.Debug|Any CPU.Build.0 = Debug|Any CPU
		{55233ABD-5384-4B4D-BF08-58D96E032EB3}.Release|Any CPU.ActiveCfg = Release|Any CPU
		{55233ABD-5384-4B4D-BF08-58D96E032EB3}.Release|Any CPU.Build.0 = Release|Any CPU
		{3B4B069B-707C-4F92-8AA3-DF7976DB1B38}.Debug|Any CPU.ActiveCfg = Debug|Any CPU
		{3B4B069B-707C-4F92-8AA3-DF7976DB1B38}.Debug|Any CPU.Build.0 = Debug|Any CPU
		{3B4B069B-707C-4F92-8AA3-DF7976DB1B38}.Release|Any CPU.ActiveCfg = Release|Any CPU
		{3B4B069B-707C-4F92-8AA3-DF7976DB1B38}.Release|Any CPU.Build.0 = Release|Any CPU
	EndGlobalSection
EndGlobal
