
Microsoft Visual Studio Solution File, Format Version 12.00
Project("{FAE04EC0-301F-11D3-BF4B-00C04F79EFBC}") = "1Array", "1Array\1Array.csproj", "{8EAC84F4-0241-4336-8D84-3B2859011232}"
EndProject
Project("{FAE04EC0-301F-11D3-BF4B-00C04F79EFBC}") = "2ClassArray", "2ClassArray\2ClassArray.csproj", "{4120EBE3-85A0-4CC5-A774-238E411E2723}"
EndProject
Project("{FAE04EC0-301F-11D3-BF4B-00C04F79EFBC}") = "ExercicioArrays", "ExercicioArrays\ExercicioArrays.csproj", "{5B3ED138-2B6F-4D06-BE3A-C97E63D5BDB4}"
EndProject
Project("{FAE04EC0-301F-11D3-BF4B-00C04F79EFBC}") = "3ModificadorParams", "3ModificadorParams\3ModificadorParams.csproj", "{B1FAAD32-FB19-4B9D-B3EF-E2A2F7CA5B00}"
EndProject
Project("{FAE04EC0-301F-11D3-BF4B-00C04F79EFBC}") = "4TwoDimensionalArray", "4TwoDimensionalArray\4TwoDimensionalArray.csproj", "{D263E9A9-7B6E-418D-962F-526BE884B29E}"
EndProject
Project("{FAE04EC0-301F-11D3-BF4B-00C04F79EFBC}") = "ExercicioArrayBidimensional", "ExercicioArrayBidimensional\ExercicioArrayBidimensional.csproj", "{5B56F7CD-C7C2-43BB-94CA-8A54BF88A0D9}"
EndProject
Project("{FAE04EC0-301F-11D3-BF4B-00C04F79EFBC}") = "5ArrayList", "5ArrayList\5ArrayList.csproj", "{81847FD2-30F7-49FB-A664-CA94B56D9BFF}"
EndProject
Project("{FAE04EC0-301F-11D3-BF4B-00C04F79EFBC}") = "6List", "6List\6List.csproj", "{BA416A95-7AA7-4920-993E-0E995734ABBA}"
EndProject
Project("{FAE04EC0-301F-11D3-BF4B-00C04F79EFBC}") = "7IEnumerable", "7IEnumerable\7IEnumerable.csproj", "{DFC60A54-76AE-420A-B16A-E670B433C81C}"
EndProject
Project("{FAE04EC0-301F-11D3-BF4B-00C04F79EFBC}") = "ExercicioListT", "ExercicioListT\ExercicioListT.csproj", "{F320BE7B-9CE0-4D86-8F1E-9492196168A7}"
EndProject
Project("{FAE04EC0-301F-11D3-BF4B-00C04F79EFBC}") = "8Indexadores", "8Indexadores\8Indexadores.csproj", "{3E1EAE03-535E-4C05-8B77-46EC05D598B3}"
EndProject
Global
	GlobalSection(SolutionConfigurationPlatforms) = preSolution
		Debug|Any CPU = Debug|Any CPU
		Release|Any CPU = Release|Any CPU
	EndGlobalSection
	GlobalSection(ProjectConfigurationPlatforms) = postSolution
		{8EAC84F4-0241-4336-8D84-3B2859011232}.Debug|Any CPU.ActiveCfg = Debug|Any CPU
		{8EAC84F4-0241-4336-8D84-3B2859011232}.Debug|Any CPU.Build.0 = Debug|Any CPU
		{8EAC84F4-0241-4336-8D84-3B2859011232}.Release|Any CPU.ActiveCfg = Release|Any CPU
		{8EAC84F4-0241-4336-8D84-3B2859011232}.Release|Any CPU.Build.0 = Release|Any CPU
		{4120EBE3-85A0-4CC5-A774-238E411E2723}.Debug|Any CPU.ActiveCfg = Debug|Any CPU
		{4120EBE3-85A0-4CC5-A774-238E411E2723}.Debug|Any CPU.Build.0 = Debug|Any CPU
		{4120EBE3-85A0-4CC5-A774-238E411E2723}.Release|Any CPU.ActiveCfg = Release|Any CPU
		{4120EBE3-85A0-4CC5-A774-238E411E2723}.Release|Any CPU.Build.0 = Release|Any CPU
		{5B3ED138-2B6F-4D06-BE3A-C97E63D5BDB4}.Debug|Any CPU.ActiveCfg = Debug|Any CPU
		{5B3ED138-2B6F-4D06-BE3A-C97E63D5BDB4}.Debug|Any CPU.Build.0 = Debug|Any CPU
		{5B3ED138-2B6F-4D06-BE3A-C97E63D5BDB4}.Release|Any CPU.ActiveCfg = Release|Any CPU
		{5B3ED138-2B6F-4D06-BE3A-C97E63D5BDB4}.Release|Any CPU.Build.0 = Release|Any CPU
		{B1FAAD32-FB19-4B9D-B3EF-E2A2F7CA5B00}.Debug|Any CPU.ActiveCfg = Debug|Any CPU
		{B1FAAD32-FB19-4B9D-B3EF-E2A2F7CA5B00}.Debug|Any CPU.Build.0 = Debug|Any CPU
		{B1FAAD32-FB19-4B9D-B3EF-E2A2F7CA5B00}.Release|Any CPU.ActiveCfg = Release|Any CPU
		{B1FAAD32-FB19-4B9D-B3EF-E2A2F7CA5B00}.Release|Any CPU.Build.0 = Release|Any CPU
		{D263E9A9-7B6E-418D-962F-526BE884B29E}.Debug|Any CPU.ActiveCfg = Debug|Any CPU
		{D263E9A9-7B6E-418D-962F-526BE884B29E}.Debug|Any CPU.Build.0 = Debug|Any CPU
		{D263E9A9-7B6E-418D-962F-526BE884B29E}.Release|Any CPU.ActiveCfg = Release|Any CPU
		{D263E9A9-7B6E-418D-962F-526BE884B29E}.Release|Any CPU.Build.0 = Release|Any CPU
		{5B56F7CD-C7C2-43BB-94CA-8A54BF88A0D9}.Debug|Any CPU.ActiveCfg = Debug|Any CPU
		{5B56F7CD-C7C2-43BB-94CA-8A54BF88A0D9}.Debug|Any CPU.Build.0 = Debug|Any CPU
		{5B56F7CD-C7C2-43BB-94CA-8A54BF88A0D9}.Release|Any CPU.ActiveCfg = Release|Any CPU
		{5B56F7CD-C7C2-43BB-94CA-8A54BF88A0D9}.Release|Any CPU.Build.0 = Release|Any CPU
		{81847FD2-30F7-49FB-A664-CA94B56D9BFF}.Debug|Any CPU.ActiveCfg = Debug|Any CPU
		{81847FD2-30F7-49FB-A664-CA94B56D9BFF}.Debug|Any CPU.Build.0 = Debug|Any CPU
		{81847FD2-30F7-49FB-A664-CA94B56D9BFF}.Release|Any CPU.ActiveCfg = Release|Any CPU
		{81847FD2-30F7-49FB-A664-CA94B56D9BFF}.Release|Any CPU.Build.0 = Release|Any CPU
		{BA416A95-7AA7-4920-993E-0E995734ABBA}.Debug|Any CPU.ActiveCfg = Debug|Any CPU
		{BA416A95-7AA7-4920-993E-0E995734ABBA}.Debug|Any CPU.Build.0 = Debug|Any CPU
		{BA416A95-7AA7-4920-993E-0E995734ABBA}.Release|Any CPU.ActiveCfg = Release|Any CPU
		{BA416A95-7AA7-4920-993E-0E995734ABBA}.Release|Any CPU.Build.0 = Release|Any CPU
		{DFC60A54-76AE-420A-B16A-E670B433C81C}.Debug|Any CPU.ActiveCfg = Debug|Any CPU
		{DFC60A54-76AE-420A-B16A-E670B433C81C}.Debug|Any CPU.Build.0 = Debug|Any CPU
		{DFC60A54-76AE-420A-B16A-E670B433C81C}.Release|Any CPU.ActiveCfg = Release|Any CPU
		{DFC60A54-76AE-420A-B16A-E670B433C81C}.Release|Any CPU.Build.0 = Release|Any CPU
		{F320BE7B-9CE0-4D86-8F1E-9492196168A7}.Debug|Any CPU.ActiveCfg = Debug|Any CPU
		{F320BE7B-9CE0-4D86-8F1E-9492196168A7}.Debug|Any CPU.Build.0 = Debug|Any CPU
		{F320BE7B-9CE0-4D86-8F1E-9492196168A7}.Release|Any CPU.ActiveCfg = Release|Any CPU
		{F320BE7B-9CE0-4D86-8F1E-9492196168A7}.Release|Any CPU.Build.0 = Release|Any CPU
		{3E1EAE03-535E-4C05-8B77-46EC05D598B3}.Debug|Any CPU.ActiveCfg = Debug|Any CPU
		{3E1EAE03-535E-4C05-8B77-46EC05D598B3}.Debug|Any CPU.Build.0 = Debug|Any CPU
		{3E1EAE03-535E-4C05-8B77-46EC05D598B3}.Release|Any CPU.ActiveCfg = Release|Any CPU
		{3E1EAE03-535E-4C05-8B77-46EC05D598B3}.Release|Any CPU.Build.0 = Release|Any CPU
	EndGlobalSection
EndGlobal
